
Microsoft Visual Studio Solution File, Format Version 12.00
# Visual Studio Version 17
VisualStudioVersion = 17.1.32319.34
MinimumVisualStudioVersion = 10.0.40219.1
Project("{FAE04EC0-301F-11D3-BF4B-00C04F79EFBC}") = "Prime_number", "Prime_number\Prime_number.csproj", "{0E87DE56-DB40-47C9-94B4-B98A0DF46242}"
EndProject
Global
	GlobalSection(SolutionConfigurationPlatforms) = preSolution
		Debug|Any CPU = Debug|Any CPU
		Release|Any CPU = Release|Any CPU
	EndGlobalSection
	GlobalSection(ProjectConfigurationPlatforms) = postSolution
		{0E87DE56-DB40-47C9-94B4-B98A0DF46242}.Debug|Any CPU.ActiveCfg = Debug|Any CPU
		{0E87DE56-DB40-47C9-94B4-B98A0DF46242}.Debug|Any CPU.Build.0 = Debug|Any CPU
		{0E87DE56-DB40-47C9-94B4-B98A0DF46242}.Release|Any CPU.ActiveCfg = Release|Any CPU
		{0E87DE56-DB40-47C9-94B4-B98A0DF46242}.Release|Any CPU.Build.0 = Release|Any CPU
	EndGlobalSection
	GlobalSection(SolutionProperties) = preSolution
		HideSolutionNode = FALSE
	EndGlobalSection
	GlobalSection(ExtensibilityGlobals) = postSolution
		SolutionGuid = {0C35A323-5A9C-43E0-BB7D-7D7A512B1743}
	EndGlobalSection
EndGlobal
