
Microsoft Visual Studio Solution File, Format Version 12.00
# Visual Studio Version 17
VisualStudioVersion = 17.1.32319.34
MinimumVisualStudioVersion = 10.0.40219.1
Project("{FAE04EC0-301F-11D3-BF4B-00C04F79EFBC}") = "DeltaProject", "DeltaProject\DeltaProject.csproj", "{21F03093-AAA2-4EB9-B411-4A8D610E5364}"
EndProject
Global
	GlobalSection(SolutionConfigurationPlatforms) = preSolution
		Debug|Any CPU = Debug|Any CPU
		Release|Any CPU = Release|Any CPU
	EndGlobalSection
	GlobalSection(ProjectConfigurationPlatforms) = postSolution
		{21F03093-AAA2-4EB9-B411-4A8D610E5364}.Debug|Any CPU.ActiveCfg = Debug|Any CPU
		{21F03093-AAA2-4EB9-B411-4A8D610E5364}.Debug|Any CPU.Build.0 = Debug|Any CPU
		{21F03093-AAA2-4EB9-B411-4A8D610E5364}.Release|Any CPU.ActiveCfg = Release|Any CPU
		{21F03093-AAA2-4EB9-B411-4A8D610E5364}.Release|Any CPU.Build.0 = Release|Any CPU
	EndGlobalSection
	GlobalSection(SolutionProperties) = preSolution
		HideSolutionNode = FALSE
	EndGlobalSection
	GlobalSection(ExtensibilityGlobals) = postSolution
		SolutionGuid = {3512B348-78D8-4657-B515-7A9EE1BEE724}
	EndGlobalSection
EndGlobal
